// !$*UTF8*$!
{
	archiveVersion = 1;
	classes = {
	};
	objectVersion = 50;
	objects = {

/* Begin PBXBuildFile section */
		65A7D2CF22B55F6600C6B554 /* AppDelegate.swift in Sources */ = {isa = PBXBuildFile; fileRef = 65A7D2CE22B55F6600C6B554 /* AppDelegate.swift */; };
		65A7D2D122B55F6600C6B554 /* ViewController.swift in Sources */ = {isa = PBXBuildFile; fileRef = 65A7D2D022B55F6600C6B554 /* ViewController.swift */; };
		65A7D2D422B55F6600C6B554 /* Main.storyboard in Resources */ = {isa = PBXBuildFile; fileRef = 65A7D2D222B55F6600C6B554 /* Main.storyboard */; };
		65A7D2D622B55F6600C6B554 /* Assets.xcassets in Resources */ = {isa = PBXBuildFile; fileRef = 65A7D2D522B55F6600C6B554 /* Assets.xcassets */; };
		65A7D2D922B55F6600C6B554 /* LaunchScreen.storyboard in Resources */ = {isa = PBXBuildFile; fileRef = 65A7D2D722B55F6600C6B554 /* LaunchScreen.storyboard */; };
		65A7D2DE22B55F6700C6B554 /* MandelbrotWatchApp WatchKit App.app in Embed Watch Content */ = {isa = PBXBuildFile; fileRef = 65A7D2DD22B55F6700C6B554 /* MandelbrotWatchApp WatchKit App.app */; };
		65A7D2E422B55F6700C6B554 /* Interface.storyboard in Resources */ = {isa = PBXBuildFile; fileRef = 65A7D2E222B55F6700C6B554 /* Interface.storyboard */; };
		65A7D2E622B55F6700C6B554 /* Assets.xcassets in Resources */ = {isa = PBXBuildFile; fileRef = 65A7D2E522B55F6700C6B554 /* Assets.xcassets */; };
		65A7D2ED22B55F6700C6B554 /* MandelbrotWatchApp WatchKit Extension.appex in Embed App Extensions */ = {isa = PBXBuildFile; fileRef = 65A7D2EC22B55F6700C6B554 /* MandelbrotWatchApp WatchKit Extension.appex */; settings = {ATTRIBUTES = (RemoveHeadersOnCopy, ); }; };
		65A7D2F222B55F6700C6B554 /* InterfaceController.swift in Sources */ = {isa = PBXBuildFile; fileRef = 65A7D2F122B55F6700C6B554 /* InterfaceController.swift */; };
		65A7D2F422B55F6700C6B554 /* ExtensionDelegate.swift in Sources */ = {isa = PBXBuildFile; fileRef = 65A7D2F322B55F6700C6B554 /* ExtensionDelegate.swift */; };
		65A7D2F622B55F6800C6B554 /* Assets.xcassets in Resources */ = {isa = PBXBuildFile; fileRef = 65A7D2F522B55F6800C6B554 /* Assets.xcassets */; };
/* End PBXBuildFile section */

/* Begin PBXContainerItemProxy section */
		65A7D2DF22B55F6700C6B554 /* PBXContainerItemProxy */ = {
			isa = PBXContainerItemProxy;
			containerPortal = 65A7D2C322B55F6600C6B554 /* Project object */;
			proxyType = 1;
			remoteGlobalIDString = 65A7D2DC22B55F6700C6B554;
			remoteInfo = "MandelbrotWatchApp WatchKit App";
		};
		65A7D2EE22B55F6700C6B554 /* PBXContainerItemProxy */ = {
			isa = PBXContainerItemProxy;
			containerPortal = 65A7D2C322B55F6600C6B554 /* Project object */;
			proxyType = 1;
			remoteGlobalIDString = 65A7D2EB22B55F6700C6B554;
			remoteInfo = "MandelbrotWatchApp WatchKit Extension";
		};
/* End PBXContainerItemProxy section */

/* Begin PBXCopyFilesBuildPhase section */
		65A7D2FD22B55F6800C6B554 /* Embed App Extensions */ = {
			isa = PBXCopyFilesBuildPhase;
			buildActionMask = 2147483647;
			dstPath = "";
			dstSubfolderSpec = 13;
			files = (
				65A7D2ED22B55F6700C6B554 /* MandelbrotWatchApp WatchKit Extension.appex in Embed App Extensions */,
			);
			name = "Embed App Extensions";
			runOnlyForDeploymentPostprocessing = 0;
		};
		65A7D30122B55F6800C6B554 /* Embed Watch Content */ = {
			isa = PBXCopyFilesBuildPhase;
			buildActionMask = 2147483647;
			dstPath = "$(CONTENTS_FOLDER_PATH)/Watch";
			dstSubfolderSpec = 16;
			files = (
				65A7D2DE22B55F6700C6B554 /* MandelbrotWatchApp WatchKit App.app in Embed Watch Content */,
			);
			name = "Embed Watch Content";
			runOnlyForDeploymentPostprocessing = 0;
		};
/* End PBXCopyFilesBuildPhase section */

/* Begin PBXFileReference section */
		65A7D2CB22B55F6600C6B554 /* MandelbrotWatchApp.app */ = {isa = PBXFileReference; explicitFileType = wrapper.application; includeInIndex = 0; path = MandelbrotWatchApp.app; sourceTree = BUILT_PRODUCTS_DIR; };
		65A7D2CE22B55F6600C6B554 /* AppDelegate.swift */ = {isa = PBXFileReference; lastKnownFileType = sourcecode.swift; path = AppDelegate.swift; sourceTree = "<group>"; };
		65A7D2D022B55F6600C6B554 /* ViewController.swift */ = {isa = PBXFileReference; lastKnownFileType = sourcecode.swift; path = ViewController.swift; sourceTree = "<group>"; };
		65A7D2D322B55F6600C6B554 /* Base */ = {isa = PBXFileReference; lastKnownFileType = file.storyboard; name = Base; path = Base.lproj/Main.storyboard; sourceTree = "<group>"; };
		65A7D2D522B55F6600C6B554 /* Assets.xcassets */ = {isa = PBXFileReference; lastKnownFileType = folder.assetcatalog; path = Assets.xcassets; sourceTree = "<group>"; };
		65A7D2D822B55F6600C6B554 /* Base */ = {isa = PBXFileReference; lastKnownFileType = file.storyboard; name = Base; path = Base.lproj/LaunchScreen.storyboard; sourceTree = "<group>"; };
		65A7D2DA22B55F6600C6B554 /* Info.plist */ = {isa = PBXFileReference; lastKnownFileType = text.plist.xml; path = Info.plist; sourceTree = "<group>"; };
		65A7D2DD22B55F6700C6B554 /* MandelbrotWatchApp WatchKit App.app */ = {isa = PBXFileReference; explicitFileType = wrapper.application; includeInIndex = 0; path = "MandelbrotWatchApp WatchKit App.app"; sourceTree = BUILT_PRODUCTS_DIR; };
		65A7D2E322B55F6700C6B554 /* Base */ = {isa = PBXFileReference; lastKnownFileType = file.storyboard; name = Base; path = Base.lproj/Interface.storyboard; sourceTree = "<group>"; };
		65A7D2E522B55F6700C6B554 /* Assets.xcassets */ = {isa = PBXFileReference; lastKnownFileType = folder.assetcatalog; path = Assets.xcassets; sourceTree = "<group>"; };
		65A7D2E722B55F6700C6B554 /* Info.plist */ = {isa = PBXFileReference; lastKnownFileType = text.plist.xml; path = Info.plist; sourceTree = "<group>"; };
		65A7D2EC22B55F6700C6B554 /* MandelbrotWatchApp WatchKit Extension.appex */ = {isa = PBXFileReference; explicitFileType = "wrapper.app-extension"; includeInIndex = 0; path = "MandelbrotWatchApp WatchKit Extension.appex"; sourceTree = BUILT_PRODUCTS_DIR; };
		65A7D2F122B55F6700C6B554 /* InterfaceController.swift */ = {isa = PBXFileReference; lastKnownFileType = sourcecode.swift; path = InterfaceController.swift; sourceTree = "<group>"; };
		65A7D2F322B55F6700C6B554 /* ExtensionDelegate.swift */ = {isa = PBXFileReference; lastKnownFileType = sourcecode.swift; path = ExtensionDelegate.swift; sourceTree = "<group>"; };
		65A7D2F522B55F6800C6B554 /* Assets.xcassets */ = {isa = PBXFileReference; lastKnownFileType = folder.assetcatalog; path = Assets.xcassets; sourceTree = "<group>"; };
		65A7D2F722B55F6800C6B554 /* Info.plist */ = {isa = PBXFileReference; lastKnownFileType = text.plist.xml; path = Info.plist; sourceTree = "<group>"; };
/* End PBXFileReference section */

/* Begin PBXFrameworksBuildPhase section */
		65A7D2C822B55F6600C6B554 /* Frameworks */ = {
			isa = PBXFrameworksBuildPhase;
			buildActionMask = 2147483647;
			files = (
			);
			runOnlyForDeploymentPostprocessing = 0;
		};
		65A7D2E922B55F6700C6B554 /* Frameworks */ = {
			isa = PBXFrameworksBuildPhase;
			buildActionMask = 2147483647;
			files = (
			);
			runOnlyForDeploymentPostprocessing = 0;
		};
/* End PBXFrameworksBuildPhase section */

/* Begin PBXGroup section */
		65A7D2C222B55F6600C6B554 = {
			isa = PBXGroup;
			children = (
				65A7D2CD22B55F6600C6B554 /* MandelbrotWatchApp */,
				65A7D2E122B55F6700C6B554 /* MandelbrotWatchApp WatchKit App */,
				65A7D2F022B55F6700C6B554 /* MandelbrotWatchApp WatchKit Extension */,
				65A7D2CC22B55F6600C6B554 /* Products */,
			);
			sourceTree = "<group>";
		};
		65A7D2CC22B55F6600C6B554 /* Products */ = {
			isa = PBXGroup;
			children = (
				65A7D2CB22B55F6600C6B554 /* MandelbrotWatchApp.app */,
				65A7D2DD22B55F6700C6B554 /* MandelbrotWatchApp WatchKit App.app */,
				65A7D2EC22B55F6700C6B554 /* MandelbrotWatchApp WatchKit Extension.appex */,
			);
			name = Products;
			sourceTree = "<group>";
		};
		65A7D2CD22B55F6600C6B554 /* MandelbrotWatchApp */ = {
			isa = PBXGroup;
			children = (
				65A7D2CE22B55F6600C6B554 /* AppDelegate.swift */,
				65A7D2D022B55F6600C6B554 /* ViewController.swift */,
				65A7D2D222B55F6600C6B554 /* Main.storyboard */,
				65A7D2D522B55F6600C6B554 /* Assets.xcassets */,
				65A7D2D722B55F6600C6B554 /* LaunchScreen.storyboard */,
				65A7D2DA22B55F6600C6B554 /* Info.plist */,
			);
			path = MandelbrotWatchApp;
			sourceTree = "<group>";
		};
		65A7D2E122B55F6700C6B554 /* MandelbrotWatchApp WatchKit App */ = {
			isa = PBXGroup;
			children = (
				65A7D2E222B55F6700C6B554 /* Interface.storyboard */,
				65A7D2E522B55F6700C6B554 /* Assets.xcassets */,
				65A7D2E722B55F6700C6B554 /* Info.plist */,
			);
			path = "MandelbrotWatchApp WatchKit App";
			sourceTree = "<group>";
		};
		65A7D2F022B55F6700C6B554 /* MandelbrotWatchApp WatchKit Extension */ = {
			isa = PBXGroup;
			children = (
				65A7D2F122B55F6700C6B554 /* InterfaceController.swift */,
				65A7D2F322B55F6700C6B554 /* ExtensionDelegate.swift */,
				65A7D2F522B55F6800C6B554 /* Assets.xcassets */,
				65A7D2F722B55F6800C6B554 /* Info.plist */,
			);
			path = "MandelbrotWatchApp WatchKit Extension";
			sourceTree = "<group>";
		};
/* End PBXGroup section */

/* Begin PBXNativeTarget section */
		65A7D2CA22B55F6600C6B554 /* MandelbrotWatchApp */ = {
			isa = PBXNativeTarget;
			buildConfigurationList = 65A7D30222B55F6800C6B554 /* Build configuration list for PBXNativeTarget "MandelbrotWatchApp" */;
			buildPhases = (
				65A7D2C722B55F6600C6B554 /* Sources */,
				65A7D2C822B55F6600C6B554 /* Frameworks */,
				65A7D2C922B55F6600C6B554 /* Resources */,
				65A7D30122B55F6800C6B554 /* Embed Watch Content */,
			);
			buildRules = (
			);
			dependencies = (
				65A7D2E022B55F6700C6B554 /* PBXTargetDependency */,
			);
			name = MandelbrotWatchApp;
			productName = MandelbrotWatchApp;
			productReference = 65A7D2CB22B55F6600C6B554 /* MandelbrotWatchApp.app */;
			productType = "com.apple.product-type.application";
		};
		65A7D2DC22B55F6700C6B554 /* MandelbrotWatchApp WatchKit App */ = {
			isa = PBXNativeTarget;
			buildConfigurationList = 65A7D2FE22B55F6800C6B554 /* Build configuration list for PBXNativeTarget "MandelbrotWatchApp WatchKit App" */;
			buildPhases = (
				65A7D2DB22B55F6700C6B554 /* Resources */,
				65A7D2FD22B55F6800C6B554 /* Embed App Extensions */,
			);
			buildRules = (
			);
			dependencies = (
				65A7D2EF22B55F6700C6B554 /* PBXTargetDependency */,
			);
			name = "MandelbrotWatchApp WatchKit App";
			productName = "MandelbrotWatchApp WatchKit App";
			productReference = 65A7D2DD22B55F6700C6B554 /* MandelbrotWatchApp WatchKit App.app */;
			productType = "com.apple.product-type.application.watchapp2";
		};
		65A7D2EB22B55F6700C6B554 /* MandelbrotWatchApp WatchKit Extension */ = {
			isa = PBXNativeTarget;
			buildConfigurationList = 65A7D2FA22B55F6800C6B554 /* Build configuration list for PBXNativeTarget "MandelbrotWatchApp WatchKit Extension" */;
			buildPhases = (
				65A7D2E822B55F6700C6B554 /* Sources */,
				65A7D2E922B55F6700C6B554 /* Frameworks */,
				65A7D2EA22B55F6700C6B554 /* Resources */,
			);
			buildRules = (
			);
			dependencies = (
			);
			name = "MandelbrotWatchApp WatchKit Extension";
			productName = "MandelbrotWatchApp WatchKit Extension";
			productReference = 65A7D2EC22B55F6700C6B554 /* MandelbrotWatchApp WatchKit Extension.appex */;
			productType = "com.apple.product-type.watchkit2-extension";
		};
/* End PBXNativeTarget section */

/* Begin PBXProject section */
		65A7D2C322B55F6600C6B554 /* Project object */ = {
			isa = PBXProject;
			attributes = {
				LastSwiftUpdateCheck = 1020;
				LastUpgradeCheck = 1020;
				ORGANIZATIONNAME = "Daniel Lorch";
				TargetAttributes = {
					65A7D2CA22B55F6600C6B554 = {
						CreatedOnToolsVersion = 10.2.1;
					};
					65A7D2DC22B55F6700C6B554 = {
						CreatedOnToolsVersion = 10.2.1;
					};
					65A7D2EB22B55F6700C6B554 = {
						CreatedOnToolsVersion = 10.2.1;
					};
				};
			};
			buildConfigurationList = 65A7D2C622B55F6600C6B554 /* Build configuration list for PBXProject "MandelbrotWatchApp" */;
			compatibilityVersion = "Xcode 9.3";
			developmentRegion = en;
			hasScannedForEncodings = 0;
			knownRegions = (
				en,
				Base,
			);
			mainGroup = 65A7D2C222B55F6600C6B554;
			productRefGroup = 65A7D2CC22B55F6600C6B554 /* Products */;
			projectDirPath = "";
			projectRoot = "";
			targets = (
				65A7D2CA22B55F6600C6B554 /* MandelbrotWatchApp */,
				65A7D2DC22B55F6700C6B554 /* MandelbrotWatchApp WatchKit App */,
				65A7D2EB22B55F6700C6B554 /* MandelbrotWatchApp WatchKit Extension */,
			);
		};
/* End PBXProject section */

/* Begin PBXResourcesBuildPhase section */
		65A7D2C922B55F6600C6B554 /* Resources */ = {
			isa = PBXResourcesBuildPhase;
			buildActionMask = 2147483647;
			files = (
				65A7D2D922B55F6600C6B554 /* LaunchScreen.storyboard in Resources */,
				65A7D2D622B55F6600C6B554 /* Assets.xcassets in Resources */,
				65A7D2D422B55F6600C6B554 /* Main.storyboard in Resources */,
			);
			runOnlyForDeploymentPostprocessing = 0;
		};
		65A7D2DB22B55F6700C6B554 /* Resources */ = {
			isa = PBXResourcesBuildPhase;
			buildActionMask = 2147483647;
			files = (
				65A7D2E622B55F6700C6B554 /* Assets.xcassets in Resources */,
				65A7D2E422B55F6700C6B554 /* Interface.storyboard in Resources */,
			);
			runOnlyForDeploymentPostprocessing = 0;
		};
		65A7D2EA22B55F6700C6B554 /* Resources */ = {
			isa = PBXResourcesBuildPhase;
			buildActionMask = 2147483647;
			files = (
				65A7D2F622B55F6800C6B554 /* Assets.xcassets in Resources */,
			);
			runOnlyForDeploymentPostprocessing = 0;
		};
/* End PBXResourcesBuildPhase section */

/* Begin PBXSourcesBuildPhase section */
		65A7D2C722B55F6600C6B554 /* Sources */ = {
			isa = PBXSourcesBuildPhase;
			buildActionMask = 2147483647;
			files = (
				65A7D2D122B55F6600C6B554 /* ViewController.swift in Sources */,
				65A7D2CF22B55F6600C6B554 /* AppDelegate.swift in Sources */,
			);
			runOnlyForDeploymentPostprocessing = 0;
		};
		65A7D2E822B55F6700C6B554 /* Sources */ = {
			isa = PBXSourcesBuildPhase;
			buildActionMask = 2147483647;
			files = (
				65A7D2F422B55F6700C6B554 /* ExtensionDelegate.swift in Sources */,
				65A7D2F222B55F6700C6B554 /* InterfaceController.swift in Sources */,
			);
			runOnlyForDeploymentPostprocessing = 0;
		};
/* End PBXSourcesBuildPhase section */

/* Begin PBXTargetDependency section */
		65A7D2E022B55F6700C6B554 /* PBXTargetDependency */ = {
			isa = PBXTargetDependency;
			target = 65A7D2DC22B55F6700C6B554 /* MandelbrotWatchApp WatchKit App */;
			targetProxy = 65A7D2DF22B55F6700C6B554 /* PBXContainerItemProxy */;
		};
		65A7D2EF22B55F6700C6B554 /* PBXTargetDependency */ = {
			isa = PBXTargetDependency;
			target = 65A7D2EB22B55F6700C6B554 /* MandelbrotWatchApp WatchKit Extension */;
			targetProxy = 65A7D2EE22B55F6700C6B554 /* PBXContainerItemProxy */;
		};
/* End PBXTargetDependency section */

/* Begin PBXVariantGroup section */
		65A7D2D222B55F6600C6B554 /* Main.storyboard */ = {
			isa = PBXVariantGroup;
			children = (
				65A7D2D322B55F6600C6B554 /* Base */,
			);
			name = Main.storyboard;
			sourceTree = "<group>";
		};
		65A7D2D722B55F6600C6B554 /* LaunchScreen.storyboard */ = {
			isa = PBXVariantGroup;
			children = (
				65A7D2D822B55F6600C6B554 /* Base */,
			);
			name = LaunchScreen.storyboard;
			sourceTree = "<group>";
		};
		65A7D2E222B55F6700C6B554 /* Interface.storyboard */ = {
			isa = PBXVariantGroup;
			children = (
				65A7D2E322B55F6700C6B554 /* Base */,
			);
			name = Interface.storyboard;
			sourceTree = "<group>";
		};
/* End PBXVariantGroup section */

/* Begin XCBuildConfiguration section */
		65A7D2F822B55F6800C6B554 /* Debug */ = {
			isa = XCBuildConfiguration;
			buildSettings = {
				ALWAYS_SEARCH_USER_PATHS = NO;
				CLANG_ANALYZER_NONNULL = YES;
				CLANG_ANALYZER_NUMBER_OBJECT_CONVERSION = YES_AGGRESSIVE;
				CLANG_CXX_LANGUAGE_STANDARD = "gnu++14";
				CLANG_CXX_LIBRARY = "libc++";
				CLANG_ENABLE_MODULES = YES;
				CLANG_ENABLE_OBJC_ARC = YES;
				CLANG_ENABLE_OBJC_WEAK = YES;
				CLANG_WARN_BLOCK_CAPTURE_AUTORELEASING = YES;
				CLANG_WARN_BOOL_CONVERSION = YES;
				CLANG_WARN_COMMA = YES;
				CLANG_WARN_CONSTANT_CONVERSION = YES;
				CLANG_WARN_DEPRECATED_OBJC_IMPLEMENTATIONS = YES;
				CLANG_WARN_DIRECT_OBJC_ISA_USAGE = YES_ERROR;
				CLANG_WARN_DOCUMENTATION_COMMENTS = YES;
				CLANG_WARN_EMPTY_BODY = YES;
				CLANG_WARN_ENUM_CONVERSION = YES;
				CLANG_WARN_INFINITE_RECURSION = YES;
				CLANG_WARN_INT_CONVERSION = YES;
				CLANG_WARN_NON_LITERAL_NULL_CONVERSION = YES;
				CLANG_WARN_OBJC_IMPLICIT_RETAIN_SELF = YES;
				CLANG_WARN_OBJC_LITERAL_CONVERSION = YES;
				CLANG_WARN_OBJC_ROOT_CLASS = YES_ERROR;
				CLANG_WARN_RANGE_LOOP_ANALYSIS = YES;
				CLANG_WARN_STRICT_PROTOTYPES = YES;
				CLANG_WARN_SUSPICIOUS_MOVE = YES;
				CLANG_WARN_UNGUARDED_AVAILABILITY = YES_AGGRESSIVE;
				CLANG_WARN_UNREACHABLE_CODE = YES;
				CLANG_WARN__DUPLICATE_METHOD_MATCH = YES;
				CODE_SIGN_IDENTITY = "iPhone Developer";
				COPY_PHASE_STRIP = NO;
				DEBUG_INFORMATION_FORMAT = dwarf;
				ENABLE_STRICT_OBJC_MSGSEND = YES;
				ENABLE_TESTABILITY = YES;
				GCC_C_LANGUAGE_STANDARD = gnu11;
				GCC_DYNAMIC_NO_PIC = NO;
				GCC_NO_COMMON_BLOCKS = YES;
				GCC_OPTIMIZATION_LEVEL = 0;
				GCC_PREPROCESSOR_DEFINITIONS = (
					"DEBUG=1",
					"$(inherited)",
				);
				GCC_WARN_64_TO_32_BIT_CONVERSION = YES;
				GCC_WARN_ABOUT_RETURN_TYPE = YES_ERROR;
				GCC_WARN_UNDECLARED_SELECTOR = YES;
				GCC_WARN_UNINITIALIZED_AUTOS = YES_AGGRESSIVE;
				GCC_WARN_UNUSED_FUNCTION = YES;
				GCC_WARN_UNUSED_VARIABLE = YES;
				IPHONEOS_DEPLOYMENT_TARGET = 12.2;
				MTL_ENABLE_DEBUG_INFO = INCLUDE_SOURCE;
				MTL_FAST_MATH = YES;
				ONLY_ACTIVE_ARCH = YES;
				SDKROOT = iphoneos;
				SWIFT_ACTIVE_COMPILATION_CONDITIONS = DEBUG;
				SWIFT_OPTIMIZATION_LEVEL = "-Onone";
			};
			name = Debug;
		};
		65A7D2F922B55F6800C6B554 /* Release */ = {
			isa = XCBuildConfiguration;
			buildSettings = {
				ALWAYS_SEARCH_USER_PATHS = NO;
				CLANG_ANALYZER_NONNULL = YES;
				CLANG_ANALYZER_NUMBER_OBJECT_CONVERSION = YES_AGGRESSIVE;
				CLANG_CXX_LANGUAGE_STANDARD = "gnu++14";
				CLANG_CXX_LIBRARY = "libc++";
				CLANG_ENABLE_MODULES = YES;
				CLANG_ENABLE_OBJC_ARC = YES;
				CLANG_ENABLE_OBJC_WEAK = YES;
				CLANG_WARN_BLOCK_CAPTURE_AUTORELEASING = YES;
				CLANG_WARN_BOOL_CONVERSION = YES;
				CLANG_WARN_COMMA = YES;
				CLANG_WARN_CONSTANT_CONVERSION = YES;
				CLANG_WARN_DEPRECATED_OBJC_IMPLEMENTATIONS = YES;
				CLANG_WARN_DIRECT_OBJC_ISA_USAGE = YES_ERROR;
				CLANG_WARN_DOCUMENTATION_COMMENTS = YES;
				CLANG_WARN_EMPTY_BODY = YES;
				CLANG_WARN_ENUM_CONVERSION = YES;
				CLANG_WARN_INFINITE_RECURSION = YES;
				CLANG_WARN_INT_CONVERSION = YES;
				CLANG_WARN_NON_LITERAL_NULL_CONVERSION = YES;
				CLANG_WARN_OBJC_IMPLICIT_RETAIN_SELF = YES;
				CLANG_WARN_OBJC_LITERAL_CONVERSION = YES;
				CLANG_WARN_OBJC_ROOT_CLASS = YES_ERROR;
				CLANG_WARN_RANGE_LOOP_ANALYSIS = YES;
				CLANG_WARN_STRICT_PROTOTYPES = YES;
				CLANG_WARN_SUSPICIOUS_MOVE = YES;
				CLANG_WARN_UNGUARDED_AVAILABILITY = YES_AGGRESSIVE;
				CLANG_WARN_UNREACHABLE_CODE = YES;
				CLANG_WARN__DUPLICATE_METHOD_MATCH = YES;
				CODE_SIGN_IDENTITY = "iPhone Developer";
				COPY_PHASE_STRIP = NO;
				DEBUG_INFORMATION_FORMAT = "dwarf-with-dsym";
				ENABLE_NS_ASSERTIONS = NO;
				ENABLE_STRICT_OBJC_MSGSEND = YES;
				GCC_C_LANGUAGE_STANDARD = gnu11;
				GCC_NO_COMMON_BLOCKS = YES;
				GCC_WARN_64_TO_32_BIT_CONVERSION = YES;
				GCC_WARN_ABOUT_RETURN_TYPE = YES_ERROR;
				GCC_WARN_UNDECLARED_SELECTOR = YES;
				GCC_WARN_UNINITIALIZED_AUTOS = YES_AGGRESSIVE;
				GCC_WARN_UNUSED_FUNCTION = YES;
				GCC_WARN_UNUSED_VARIABLE = YES;
				IPHONEOS_DEPLOYMENT_TARGET = 12.2;
				MTL_ENABLE_DEBUG_INFO = NO;
				MTL_FAST_MATH = YES;
				SDKROOT = iphoneos;
				SWIFT_COMPILATION_MODE = wholemodule;
				SWIFT_OPTIMIZATION_LEVEL = "-O";
				VALIDATE_PRODUCT = YES;
			};
			name = Release;
		};
		65A7D2FB22B55F6800C6B554 /* Debug */ = {
			isa = XCBuildConfiguration;
			buildSettings = {
				ASSETCATALOG_COMPILER_COMPLICATION_NAME = Complication;
				CODE_SIGN_STYLE = Automatic;
				DEVELOPMENT_TEAM = NGEWY634NW;
				INFOPLIST_FILE = "MandelbrotWatchApp WatchKit Extension/Info.plist";
				LD_RUNPATH_SEARCH_PATHS = (
					"$(inherited)",
					"@executable_path/Frameworks",
					"@executable_path/../../Frameworks",
				);
				PRODUCT_BUNDLE_IDENTIFIER = com.github.dlorch.MandelbrotWatchApp.watchkitapp.watchkitextension;
				PRODUCT_NAME = "${TARGET_NAME}";
				SDKROOT = watchos;
				SKIP_INSTALL = YES;
				SWIFT_VERSION = 5.0;
				TARGETED_DEVICE_FAMILY = 4;
				WATCHOS_DEPLOYMENT_TARGET = 5.2;
			};
			name = Debug;
		};
		65A7D2FC22B55F6800C6B554 /* Release */ = {
			isa = XCBuildConfiguration;
			buildSettings = {
				ASSETCATALOG_COMPILER_COMPLICATION_NAME = Complication;
				CODE_SIGN_STYLE = Automatic;
				DEVELOPMENT_TEAM = NGEWY634NW;
				INFOPLIST_FILE = "MandelbrotWatchApp WatchKit Extension/Info.plist";
				LD_RUNPATH_SEARCH_PATHS = (
					"$(inherited)",
					"@executable_path/Frameworks",
					"@executable_path/../../Frameworks",
				);
				PRODUCT_BUNDLE_IDENTIFIER = com.github.dlorch.MandelbrotWatchApp.watchkitapp.watchkitextension;
				PRODUCT_NAME = "${TARGET_NAME}";
				SDKROOT = watchos;
				SKIP_INSTALL = YES;
				SWIFT_VERSION = 5.0;
				TARGETED_DEVICE_FAMILY = 4;
				WATCHOS_DEPLOYMENT_TARGET = 5.2;
			};
			name = Release;
		};
		65A7D2FF22B55F6800C6B554 /* Debug */ = {
			isa = XCBuildConfiguration;
			buildSettings = {
				ALWAYS_EMBED_SWIFT_STANDARD_LIBRARIES = YES;
				ASSETCATALOG_COMPILER_APPICON_NAME = AppIcon;
				CODE_SIGN_STYLE = Automatic;
				DEVELOPMENT_TEAM = NGEWY634NW;
				IBSC_MODULE = MandelbrotWatchApp_WatchKit_Extension;
				INFOPLIST_FILE = "MandelbrotWatchApp WatchKit App/Info.plist";
				PRODUCT_BUNDLE_IDENTIFIER = com.github.dlorch.MandelbrotWatchApp.watchkitapp;
				PRODUCT_NAME = "$(TARGET_NAME)";
				SDKROOT = watchos;
				SKIP_INSTALL = YES;
				SWIFT_VERSION = 5.0;
				TARGETED_DEVICE_FAMILY = 4;
				WATCHOS_DEPLOYMENT_TARGET = 5.2;
			};
			name = Debug;
		};
		65A7D30022B55F6800C6B554 /* Release */ = {
			isa = XCBuildConfiguration;
			buildSettings = {
				ALWAYS_EMBED_SWIFT_STANDARD_LIBRARIES = YES;
				ASSETCATALOG_COMPILER_APPICON_NAME = AppIcon;
				CODE_SIGN_STYLE = Automatic;
				DEVELOPMENT_TEAM = NGEWY634NW;
				IBSC_MODULE = MandelbrotWatchApp_WatchKit_Extension;
				INFOPLIST_FILE = "MandelbrotWatchApp WatchKit App/Info.plist";
				PRODUCT_BUNDLE_IDENTIFIER = com.github.dlorch.MandelbrotWatchApp.watchkitapp;
				PRODUCT_NAME = "$(TARGET_NAME)";
				SDKROOT = watchos;
				SKIP_INSTALL = YES;
				SWIFT_VERSION = 5.0;
				TARGETED_DEVICE_FAMILY = 4;
				WATCHOS_DEPLOYMENT_TARGET = 5.2;
			};
			name = Release;
		};
		65A7D30322B55F6800C6B554 /* Debug */ = {
			isa = XCBuildConfiguration;
			buildSettings = {
				ASSETCATALOG_COMPILER_APPICON_NAME = AppIcon;
				CODE_SIGN_STYLE = Automatic;
				DEVELOPMENT_TEAM = NGEWY634NW;
				INFOPLIST_FILE = MandelbrotWatchApp/Info.plist;
				LD_RUNPATH_SEARCH_PATHS = (
					"$(inherited)",
					"@executable_path/Frameworks",
				);
				PRODUCT_BUNDLE_IDENTIFIER = com.github.dlorch.MandelbrotWatchApp;
				PRODUCT_NAME = "$(TARGET_NAME)";
				SWIFT_VERSION = 5.0;
				TARGETED_DEVICE_FAMILY = "1,2";
			};
			name = Debug;
		};
		65A7D30422B55F6800C6B554 /* Release */ = {
			isa = XCBuildConfiguration;
			buildSettings = {
				ASSETCATALOG_COMPILER_APPICON_NAME = AppIcon;
				CODE_SIGN_STYLE = Automatic;
				DEVELOPMENT_TEAM = NGEWY634NW;
				INFOPLIST_FILE = MandelbrotWatchApp/Info.plist;
				LD_RUNPATH_SEARCH_PATHS = (
					"$(inherited)",
					"@executable_path/Frameworks",
				);
				PRODUCT_BUNDLE_IDENTIFIER = com.github.dlorch.MandelbrotWatchApp;
				PRODUCT_NAME = "$(TARGET_NAME)";
				SWIFT_VERSION = 5.0;
				TARGETED_DEVICE_FAMILY = "1,2";
			};
			name = Release;
		};
/* End XCBuildConfiguration section */

/* Begin XCConfigurationList section */
		65A7D2C622B55F6600C6B554 /* Build configuration list for PBXProject "MandelbrotWatchApp" */ = {
			isa = XCConfigurationList;
			buildConfigurations = (
				65A7D2F822B55F6800C6B554 /* Debug */,
				65A7D2F922B55F6800C6B554 /* Release */,
			);
			defaultConfigurationIsVisible = 0;
			defaultConfigurationName = Release;
		};
		65A7D2FA22B55F6800C6B554 /* Build configuration list for PBXNativeTarget "MandelbrotWatchApp WatchKit Extension" */ = {
			isa = XCConfigurationList;
			buildConfigurations = (
				65A7D2FB22B55F6800C6B554 /* Debug */,
				65A7D2FC22B55F6800C6B554 /* Release */,
			);
			defaultConfigurationIsVisible = 0;
			defaultConfigurationName = Release;
		};
		65A7D2FE22B55F6800C6B554 /* Build configuration list for PBXNativeTarget "MandelbrotWatchApp WatchKit App" */ = {
			isa = XCConfigurationList;
			buildConfigurations = (
				65A7D2FF22B55F6800C6B554 /* Debug */,
				65A7D30022B55F6800C6B554 /* Release */,
			);
			defaultConfigurationIsVisible = 0;
			defaultConfigurationName = Release;
		};
		65A7D30222B55F6800C6B554 /* Build configuration list for PBXNativeTarget "MandelbrotWatchApp" */ = {
			isa = XCConfigurationList;
			buildConfigurations = (
				65A7D30322B55F6800C6B554 /* Debug */,
				65A7D30422B55F6800C6B554 /* Release */,
			);
			defaultConfigurationIsVisible = 0;
			defaultConfigurationName = Release;
		};
/* End XCConfigurationList section */
	};
	rootObject = 65A7D2C322B55F6600C6B554 /* Project object */;
}
